
Microsoft Visual Studio Solution File, Format Version 12.00
# Visual Studio Version 17
VisualStudioVersion = 17.4.33122.133
MinimumVisualStudioVersion = 10.0.40219.1
Project("{9A19103F-16F7-4668-BE54-9A1E7A4F7556}") = "Lab-1", "Lab-1\Lab-1.csproj", "{2357DB73-EBE9-4D7D-B3BE-472B8E8F9B0E}"
EndProject
Project("{FAE04EC0-301F-11D3-BF4B-00C04F79EFBC}") = "client", "client\client.csproj", "{D9365123-DC67-42AE-B2BB-A03BAFDDBE75}"
EndProject
Global
	GlobalSection(SolutionConfigurationPlatforms) = preSolution
		Debug|Any CPU = Debug|Any CPU
		Release|Any CPU = Release|Any CPU
	EndGlobalSection
	GlobalSection(ProjectConfigurationPlatforms) = postSolution
		{2357DB73-EBE9-4D7D-B3BE-472B8E8F9B0E}.Debug|Any CPU.ActiveCfg = Debug|Any CPU
		{2357DB73-EBE9-4D7D-B3BE-472B8E8F9B0E}.Debug|Any CPU.Build.0 = Debug|Any CPU
		{2357DB73-EBE9-4D7D-B3BE-472B8E8F9B0E}.Release|Any CPU.ActiveCfg = Release|Any CPU
		{2357DB73-EBE9-4D7D-B3BE-472B8E8F9B0E}.Release|Any CPU.Build.0 = Release|Any CPU
		{D9365123-DC67-42AE-B2BB-A03BAFDDBE75}.Debug|Any CPU.ActiveCfg = Debug|Any CPU
		{D9365123-DC67-42AE-B2BB-A03BAFDDBE75}.Debug|Any CPU.Build.0 = Debug|Any CPU
		{D9365123-DC67-42AE-B2BB-A03BAFDDBE75}.Release|Any CPU.ActiveCfg = Release|Any CPU
		{D9365123-DC67-42AE-B2BB-A03BAFDDBE75}.Release|Any CPU.Build.0 = Release|Any CPU
	EndGlobalSection
	GlobalSection(SolutionProperties) = preSolution
		HideSolutionNode = FALSE
	EndGlobalSection
	GlobalSection(ExtensibilityGlobals) = postSolution
		SolutionGuid = {F631E42C-87D6-42C9-925A-7A47E866845B}
	EndGlobalSection
EndGlobal
